
Microsoft Visual Studio Solution File, Format Version 12.00
# Visual Studio Version 17
VisualStudioVersion = 17.0.31903.59
MinimumVisualStudioVersion = 10.0.40219.1
Project("{2150E333-8FDC-42A3-9474-1A3956D46DE8}") = "src", "src", "{827E0CD3-B72D-47B6-A68D-7590B98EB39B}"
EndProject
Project("{FAE04EC0-301F-11D3-BF4B-00C04F79EFBC}") = "DietPlanner.Domain", "src\DietPlanner.Domain\DietPlanner.Domain.csproj", "{AE672C0F-808C-4775-94A8-54B58ED7EC14}"
EndProject
Project("{FAE04EC0-301F-11D3-BF4B-00C04F79EFBC}") = "DietPlanner.Application", "src\DietPlanner.Application\DietPlanner.Application.csproj", "{1562E51E-6E4D-4C93-902C-A007700E33A6}"
EndProject
Project("{FAE04EC0-301F-11D3-BF4B-00C04F79EFBC}") = "DietPlanner.Infrastructure", "src\DietPlanner.Infrastructure\DietPlanner.Infrastructure.csproj", "{9465DE5B-5A8C-43B7-8F64-9E23E4202628}"
EndProject
Project("{FAE04EC0-301F-11D3-BF4B-00C04F79EFBC}") = "DietPlanner.Api", "src\DietPlanner.Api\DietPlanner.Api.csproj", "{776CDF82-BE4A-4947-A89A-88F36988142E}"
EndProject
Project("{FAE04EC0-301F-11D3-BF4B-00C04F79EFBC}") = "DietPlanner.Importer", "src\DietPlanner.Importer\DietPlanner.Importer.csproj", "{491AF4B9-1F73-447A-9CDA-11F839036865}"
EndProject
Project("{FAE04EC0-301F-11D3-BF4B-00C04F79EFBC}") = "DietPlanner.Mobile", "src\DietPlanner.Mobile\DietPlanner.Mobile.csproj", "{EBF56905-20BF-4628-ADDB-91056DE32C8F}"
EndProject
Project("{FAE04EC0-301F-11D3-BF4B-00C04F79EFBC}") = "DietPlanner.Domain.Tests", "tests\DietPlanner.Domain.Tests\DietPlanner.Domain.Tests.csproj", "{23D432CB-FE54-4F96-B1BE-5AD5D9F5F169}"
EndProject
Project("{FAE04EC0-301F-11D3-BF4B-00C04F79EFBC}") = "DietPlanner.Api.Tests", "tests\DietPlanner.Api.Tests\DietPlanner.Api.Tests.csproj", "{6D4BD796-CC97-44A5-BA77-0F3C786CE965}"
EndProject
Project("{FAE04EC0-301F-11D3-BF4B-00C04F79EFBC}") = "DietPlanner.Mobile.Tests", "tests\DietPlanner.Mobile.Tests\DietPlanner.Mobile.Tests.csproj", "{2F8726B2-420D-424F-937A-4EA28745C59E}"
EndProject
Global
	GlobalSection(SolutionConfigurationPlatforms) = preSolution
		Debug|Any CPU = Debug|Any CPU
		Debug|x64 = Debug|x64
		Debug|x86 = Debug|x86
		Release|Any CPU = Release|Any CPU
		Release|x64 = Release|x64
		Release|x86 = Release|x86
	EndGlobalSection
	GlobalSection(ProjectConfigurationPlatforms) = postSolution
		{AE672C0F-808C-4775-94A8-54B58ED7EC14}.Debug|Any CPU.ActiveCfg = Debug|Any CPU
		{AE672C0F-808C-4775-94A8-54B58ED7EC14}.Debug|Any CPU.Build.0 = Debug|Any CPU
		{AE672C0F-808C-4775-94A8-54B58ED7EC14}.Debug|x64.ActiveCfg = Debug|Any CPU
		{AE672C0F-808C-4775-94A8-54B58ED7EC14}.Debug|x64.Build.0 = Debug|Any CPU
		{AE672C0F-808C-4775-94A8-54B58ED7EC14}.Debug|x86.ActiveCfg = Debug|Any CPU
		{AE672C0F-808C-4775-94A8-54B58ED7EC14}.Debug|x86.Build.0 = Debug|Any CPU
		{AE672C0F-808C-4775-94A8-54B58ED7EC14}.Release|Any CPU.ActiveCfg = Release|Any CPU
		{AE672C0F-808C-4775-94A8-54B58ED7EC14}.Release|Any CPU.Build.0 = Release|Any CPU
		{AE672C0F-808C-4775-94A8-54B58ED7EC14}.Release|x64.ActiveCfg = Release|Any CPU
		{AE672C0F-808C-4775-94A8-54B58ED7EC14}.Release|x64.Build.0 = Release|Any CPU
		{AE672C0F-808C-4775-94A8-54B58ED7EC14}.Release|x86.ActiveCfg = Release|Any CPU
		{AE672C0F-808C-4775-94A8-54B58ED7EC14}.Release|x86.Build.0 = Release|Any CPU
		{1562E51E-6E4D-4C93-902C-A007700E33A6}.Debug|Any CPU.ActiveCfg = Debug|Any CPU
		{1562E51E-6E4D-4C93-902C-A007700E33A6}.Debug|Any CPU.Build.0 = Debug|Any CPU
		{1562E51E-6E4D-4C93-902C-A007700E33A6}.Debug|x64.ActiveCfg = Debug|Any CPU
		{1562E51E-6E4D-4C93-902C-A007700E33A6}.Debug|x64.Build.0 = Debug|Any CPU
		{1562E51E-6E4D-4C93-902C-A007700E33A6}.Debug|x86.ActiveCfg = Debug|Any CPU
		{1562E51E-6E4D-4C93-902C-A007700E33A6}.Debug|x86.Build.0 = Debug|Any CPU
		{1562E51E-6E4D-4C93-902C-A007700E33A6}.Release|Any CPU.ActiveCfg = Release|Any CPU
		{1562E51E-6E4D-4C93-902C-A007700E33A6}.Release|Any CPU.Build.0 = Release|Any CPU
		{1562E51E-6E4D-4C93-902C-A007700E33A6}.Release|x64.ActiveCfg = Release|Any CPU
		{1562E51E-6E4D-4C93-902C-A007700E33A6}.Release|x64.Build.0 = Release|Any CPU
		{1562E51E-6E4D-4C93-902C-A007700E33A6}.Release|x86.ActiveCfg = Release|Any CPU
		{1562E51E-6E4D-4C93-902C-A007700E33A6}.Release|x86.Build.0 = Release|Any CPU
		{9465DE5B-5A8C-43B7-8F64-9E23E4202628}.Debug|Any CPU.ActiveCfg = Debug|Any CPU
		{9465DE5B-5A8C-43B7-8F64-9E23E4202628}.Debug|Any CPU.Build.0 = Debug|Any CPU
		{9465DE5B-5A8C-43B7-8F64-9E23E4202628}.Debug|x64.ActiveCfg = Debug|Any CPU
		{9465DE5B-5A8C-43B7-8F64-9E23E4202628}.Debug|x64.Build.0 = Debug|Any CPU
		{9465DE5B-5A8C-43B7-8F64-9E23E4202628}.Debug|x86.ActiveCfg = Debug|Any CPU
		{9465DE5B-5A8C-43B7-8F64-9E23E4202628}.Debug|x86.Build.0 = Debug|Any CPU
		{9465DE5B-5A8C-43B7-8F64-9E23E4202628}.Release|Any CPU.ActiveCfg = Release|Any CPU
		{9465DE5B-5A8C-43B7-8F64-9E23E4202628}.Release|Any CPU.Build.0 = Release|Any CPU
		{9465DE5B-5A8C-43B7-8F64-9E23E4202628}.Release|x64.ActiveCfg = Release|Any CPU
		{9465DE5B-5A8C-43B7-8F64-9E23E4202628}.Release|x64.Build.0 = Release|Any CPU
		{9465DE5B-5A8C-43B7-8F64-9E23E4202628}.Release|x86.ActiveCfg = Release|Any CPU
		{9465DE5B-5A8C-43B7-8F64-9E23E4202628}.Release|x86.Build.0 = Release|Any CPU
		{776CDF82-BE4A-4947-A89A-88F36988142E}.Debug|Any CPU.ActiveCfg = Debug|Any CPU
		{776CDF82-BE4A-4947-A89A-88F36988142E}.Debug|Any CPU.Build.0 = Debug|Any CPU
		{776CDF82-BE4A-4947-A89A-88F36988142E}.Debug|x64.ActiveCfg = Debug|Any CPU
		{776CDF82-BE4A-4947-A89A-88F36988142E}.Debug|x64.Build.0 = Debug|Any CPU
		{776CDF82-BE4A-4947-A89A-88F36988142E}.Debug|x86.ActiveCfg = Debug|Any CPU
		{776CDF82-BE4A-4947-A89A-88F36988142E}.Debug|x86.Build.0 = Debug|Any CPU
		{776CDF82-BE4A-4947-A89A-88F36988142E}.Release|Any CPU.ActiveCfg = Release|Any CPU
		{776CDF82-BE4A-4947-A89A-88F36988142E}.Release|Any CPU.Build.0 = Release|Any CPU
		{776CDF82-BE4A-4947-A89A-88F36988142E}.Release|x64.ActiveCfg = Release|Any CPU
		{776CDF82-BE4A-4947-A89A-88F36988142E}.Release|x64.Build.0 = Release|Any CPU
		{776CDF82-BE4A-4947-A89A-88F36988142E}.Release|x86.ActiveCfg = Release|Any CPU
		{776CDF82-BE4A-4947-A89A-88F36988142E}.Release|x86.Build.0 = Release|Any CPU
		{491AF4B9-1F73-447A-9CDA-11F839036865}.Debug|Any CPU.ActiveCfg = Debug|Any CPU
		{491AF4B9-1F73-447A-9CDA-11F839036865}.Debug|Any CPU.Build.0 = Debug|Any CPU
		{491AF4B9-1F73-447A-9CDA-11F839036865}.Debug|x64.ActiveCfg = Debug|Any CPU
		{491AF4B9-1F73-447A-9CDA-11F839036865}.Debug|x64.Build.0 = Debug|Any CPU
		{491AF4B9-1F73-447A-9CDA-11F839036865}.Debug|x86.ActiveCfg = Debug|Any CPU
		{491AF4B9-1F73-447A-9CDA-11F839036865}.Debug|x86.Build.0 = Debug|Any CPU
		{491AF4B9-1F73-447A-9CDA-11F839036865}.Release|Any CPU.ActiveCfg = Release|Any CPU
		{491AF4B9-1F73-447A-9CDA-11F839036865}.Release|Any CPU.Build.0 = Release|Any CPU
		{491AF4B9-1F73-447A-9CDA-11F839036865}.Release|x64.ActiveCfg = Release|Any CPU
		{491AF4B9-1F73-447A-9CDA-11F839036865}.Release|x64.Build.0 = Release|Any CPU
		{491AF4B9-1F73-447A-9CDA-11F839036865}.Release|x86.ActiveCfg = Release|Any CPU
		{491AF4B9-1F73-447A-9CDA-11F839036865}.Release|x86.Build.0 = Release|Any CPU
		{EBF56905-20BF-4628-ADDB-91056DE32C8F}.Debug|Any CPU.ActiveCfg = Debug|Any CPU
		{EBF56905-20BF-4628-ADDB-91056DE32C8F}.Debug|Any CPU.Build.0 = Debug|Any CPU
		{EBF56905-20BF-4628-ADDB-91056DE32C8F}.Debug|x64.ActiveCfg = Debug|Any CPU
		{EBF56905-20BF-4628-ADDB-91056DE32C8F}.Debug|x64.Build.0 = Debug|Any CPU
		{EBF56905-20BF-4628-ADDB-91056DE32C8F}.Debug|x86.ActiveCfg = Debug|Any CPU
		{EBF56905-20BF-4628-ADDB-91056DE32C8F}.Debug|x86.Build.0 = Debug|Any CPU
		{EBF56905-20BF-4628-ADDB-91056DE32C8F}.Release|Any CPU.ActiveCfg = Release|Any CPU
		{EBF56905-20BF-4628-ADDB-91056DE32C8F}.Release|Any CPU.Build.0 = Release|Any CPU
		{EBF56905-20BF-4628-ADDB-91056DE32C8F}.Release|x64.ActiveCfg = Release|Any CPU
		{EBF56905-20BF-4628-ADDB-91056DE32C8F}.Release|x64.Build.0 = Release|Any CPU
		{EBF56905-20BF-4628-ADDB-91056DE32C8F}.Release|x86.ActiveCfg = Release|Any CPU
		{EBF56905-20BF-4628-ADDB-91056DE32C8F}.Release|x86.Build.0 = Release|Any CPU
		{23D432CB-FE54-4F96-B1BE-5AD5D9F5F169}.Debug|Any CPU.ActiveCfg = Debug|Any CPU
		{23D432CB-FE54-4F96-B1BE-5AD5D9F5F169}.Debug|Any CPU.Build.0 = Debug|Any CPU
		{23D432CB-FE54-4F96-B1BE-5AD5D9F5F169}.Debug|x64.ActiveCfg = Debug|Any CPU
		{23D432CB-FE54-4F96-B1BE-5AD5D9F5F169}.Debug|x64.Build.0 = Debug|Any CPU
		{23D432CB-FE54-4F96-B1BE-5AD5D9F5F169}.Debug|x86.ActiveCfg = Debug|Any CPU
		{23D432CB-FE54-4F96-B1BE-5AD5D9F5F169}.Debug|x86.Build.0 = Debug|Any CPU
		{23D432CB-FE54-4F96-B1BE-5AD5D9F5F169}.Release|Any CPU.ActiveCfg = Release|Any CPU
		{23D432CB-FE54-4F96-B1BE-5AD5D9F5F169}.Release|Any CPU.Build.0 = Release|Any CPU
		{23D432CB-FE54-4F96-B1BE-5AD5D9F5F169}.Release|x64.ActiveCfg = Release|Any CPU
		{23D432CB-FE54-4F96-B1BE-5AD5D9F5F169}.Release|x64.Build.0 = Release|Any CPU
		{23D432CB-FE54-4F96-B1BE-5AD5D9F5F169}.Release|x86.ActiveCfg = Release|Any CPU
		{23D432CB-FE54-4F96-B1BE-5AD5D9F5F169}.Release|x86.Build.0 = Release|Any CPU
		{6D4BD796-CC97-44A5-BA77-0F3C786CE965}.Debug|Any CPU.ActiveCfg = Debug|Any CPU
		{6D4BD796-CC97-44A5-BA77-0F3C786CE965}.Debug|Any CPU.Build.0 = Debug|Any CPU
		{6D4BD796-CC97-44A5-BA77-0F3C786CE965}.Debug|x64.ActiveCfg = Debug|Any CPU
		{6D4BD796-CC97-44A5-BA77-0F3C786CE965}.Debug|x64.Build.0 = Debug|Any CPU
		{6D4BD796-CC97-44A5-BA77-0F3C786CE965}.Debug|x86.ActiveCfg = Debug|Any CPU
		{6D4BD796-CC97-44A5-BA77-0F3C786CE965}.Debug|x86.Build.0 = Debug|Any CPU
		{6D4BD796-CC97-44A5-BA77-0F3C786CE965}.Release|Any CPU.ActiveCfg = Release|Any CPU
		{6D4BD796-CC97-44A5-BA77-0F3C786CE965}.Release|Any CPU.Build.0 = Release|Any CPU
		{6D4BD796-CC97-44A5-BA77-0F3C786CE965}.Release|x64.ActiveCfg = Release|Any CPU
		{6D4BD796-CC97-44A5-BA77-0F3C786CE965}.Release|x64.Build.0 = Release|Any CPU
		{6D4BD796-CC97-44A5-BA77-0F3C786CE965}.Release|x86.ActiveCfg = Release|Any CPU
		{6D4BD796-CC97-44A5-BA77-0F3C786CE965}.Release|x86.Build.0 = Release|Any CPU
		{2F8726B2-420D-424F-937A-4EA28745C59E}.Debug|Any CPU.ActiveCfg = Debug|Any CPU
		{2F8726B2-420D-424F-937A-4EA28745C59E}.Debug|Any CPU.Build.0 = Debug|Any CPU
		{2F8726B2-420D-424F-937A-4EA28745C59E}.Debug|x64.ActiveCfg = Debug|Any CPU
		{2F8726B2-420D-424F-937A-4EA28745C59E}.Debug|x64.Build.0 = Debug|Any CPU
		{2F8726B2-420D-424F-937A-4EA28745C59E}.Debug|x86.ActiveCfg = Debug|Any CPU
		{2F8726B2-420D-424F-937A-4EA28745C59E}.Debug|x86.Build.0 = Debug|Any CPU
		{2F8726B2-420D-424F-937A-4EA28745C59E}.Release|Any CPU.ActiveCfg = Release|Any CPU
		{2F8726B2-420D-424F-937A-4EA28745C59E}.Release|Any CPU.Build.0 = Release|Any CPU
		{2F8726B2-420D-424F-937A-4EA28745C59E}.Release|x64.ActiveCfg = Release|Any CPU
		{2F8726B2-420D-424F-937A-4EA28745C59E}.Release|x64.Build.0 = Release|Any CPU
		{2F8726B2-420D-424F-937A-4EA28745C59E}.Release|x86.ActiveCfg = Release|Any CPU
		{2F8726B2-420D-424F-937A-4EA28745C59E}.Release|x86.Build.0 = Release|Any CPU
	EndGlobalSection
	GlobalSection(SolutionProperties) = preSolution
		HideSolutionNode = FALSE
	EndGlobalSection
	GlobalSection(NestedProjects) = preSolution
		{AE672C0F-808C-4775-94A8-54B58ED7EC14} = {827E0CD3-B72D-47B6-A68D-7590B98EB39B}
		{1562E51E-6E4D-4C93-902C-A007700E33A6} = {827E0CD3-B72D-47B6-A68D-7590B98EB39B}
		{9465DE5B-5A8C-43B7-8F64-9E23E4202628} = {827E0CD3-B72D-47B6-A68D-7590B98EB39B}
		{776CDF82-BE4A-4947-A89A-88F36988142E} = {827E0CD3-B72D-47B6-A68D-7590B98EB39B}
		{491AF4B9-1F73-447A-9CDA-11F839036865} = {827E0CD3-B72D-47B6-A68D-7590B98EB39B}
		{EBF56905-20BF-4628-ADDB-91056DE32C8F} = {827E0CD3-B72D-47B6-A68D-7590B98EB39B}
		{23D432CB-FE54-4F96-B1BE-5AD5D9F5F169} = {827E0CD3-B72D-47B6-A68D-7590B98EB39B}
		{6D4BD796-CC97-44A5-BA77-0F3C786CE965} = {827E0CD3-B72D-47B6-A68D-7590B98EB39B}
		{2F8726B2-420D-424F-937A-4EA28745C59E} = {827E0CD3-B72D-47B6-A68D-7590B98EB39B}
	EndGlobalSection
EndGlobal
